github.com/chipzoller/hugo-clarity v0.0.0-20241216131223-0047222b25fa h1:zH3EehYwYnRZxg7hz4VQpRggpwxAXHbNIlMRq8ptlZ0=
github.com/chipzoller/hugo-clarity v0.0.0-20241216131223-0047222b25fa/go.mod h1:v1JkaKdcLRibyUCalLP2CNeFo6FGzfd4ipEr4dK0+Zg=
github.com/chipzoller/hugo-clarity v0.0.0-20260421151314-05ae0254fa96 h1:SlsDXZ2GFPB5Oz/WEIwAXJSorfr2AyoRomSXD65udA4=
github.com/chipzoller/hugo-clarity v0.0.0-20260421151314-05ae0254fa96/go.mod h1:v1JkaKdcLRibyUCalLP2CNeFo6FGzfd4ipEr4dK0+Zg=
github.com/chipzoller/hugo-clarity v0.0.0-20260809123353-8e836ae9375e h1:rYYNjuBnbs2Ct+U/ffwJpPJngDYm3pqdnp9OX8+3Lxs=
github.com/chipzoller/hugo-clarity v0.0.0-20260809123353-8e836ae9375e/go.mod h1:v1JkaKdcLRibyUCalLP2CNeFo6FGzfd4ipEr4dK0+Zg=
